
Microsoft Visual Studio Solution File, Format Version 12.00
# Visual Studio Version 17
VisualStudioVersion = 17.10.34916.146
MinimumVisualStudioVersion = 10.0.40219.1
Project("{FAE04EC0-301F-11D3-BF4B-00C04F79EFBC}") = "PresentationLayer", "PresentationLayer.csproj", "{64E856BD-A944-4DAF-8FDE-299DF9116964}"
EndProject
Project("{FAE04EC0-301F-11D3-BF4B-00C04F79EFBC}") = "ContactsDataAccessLayer", "..\..\ConsoleApp_Project\ContactsDataAccessLayer\ContactsDataAccessLayer.csproj", "{36348CFA-3FEB-4B20-AD94-3F269A059124}"
EndProject
Project("{FAE04EC0-301F-11D3-BF4B-00C04F79EFBC}") = "ContactsBusinessLayer", "..\..\ConsoleApp_Project\ContactsBusinessLayer\ContactsBusinessLayer.csproj", "{F93A92A8-7DBA-4446-A8B6-F53DDAB51E5E}"
EndProject
Global
	GlobalSection(SolutionConfigurationPlatforms) = preSolution
		Debug|Any CPU = Debug|Any CPU
		Release|Any CPU = Release|Any CPU
	EndGlobalSection
	GlobalSection(ProjectConfigurationPlatforms) = postSolution
		{64E856BD-A944-4DAF-8FDE-299DF9116964}.Debug|Any CPU.ActiveCfg = Debug|Any CPU
		{64E856BD-A944-4DAF-8FDE-299DF9116964}.Debug|Any CPU.Build.0 = Debug|Any CPU
		{64E856BD-A944-4DAF-8FDE-299DF9116964}.Release|Any CPU.ActiveCfg = Release|Any CPU
		{64E856BD-A944-4DAF-8FDE-299DF9116964}.Release|Any CPU.Build.0 = Release|Any CPU
		{36348CFA-3FEB-4B20-AD94-3F269A059124}.Debug|Any CPU.ActiveCfg = Debug|Any CPU
		{36348CFA-3FEB-4B20-AD94-3F269A059124}.Debug|Any CPU.Build.0 = Debug|Any CPU
		{36348CFA-3FEB-4B20-AD94-3F269A059124}.Release|Any CPU.ActiveCfg = Release|Any CPU
		{36348CFA-3FEB-4B20-AD94-3F269A059124}.Release|Any CPU.Build.0 = Release|Any CPU
		{F93A92A8-7DBA-4446-A8B6-F53DDAB51E5E}.Debug|Any CPU.ActiveCfg = Debug|Any CPU
		{F93A92A8-7DBA-4446-A8B6-F53DDAB51E5E}.Debug|Any CPU.Build.0 = Debug|Any CPU
		{F93A92A8-7DBA-4446-A8B6-F53DDAB51E5E}.Release|Any CPU.ActiveCfg = Release|Any CPU
		{F93A92A8-7DBA-4446-A8B6-F53DDAB51E5E}.Release|Any CPU.Build.0 = Release|Any CPU
	EndGlobalSection
	GlobalSection(SolutionProperties) = preSolution
		HideSolutionNode = FALSE
	EndGlobalSection
	GlobalSection(ExtensibilityGlobals) = postSolution
		SolutionGuid = {D995EAE0-BE8B-4A5B-AAE7-76EBD410599E}
	EndGlobalSection
EndGlobal
